{
  "name": "frontend",
  "version": "1.0.0",
  "lockfileVersion": 3,
  "requires": true,
  "packages": {
    "": {
      "name": "frontend",
      "version": "1.0.0",
      "license": "ISC",
      "dependencies": {
        "liquid-glass-react": "^1.1.1"
      }
    },
    "node_modules/liquid-glass-react": {
      "version": "1.1.1",
      "resolved": "https://registry.npmjs.org/liquid-glass-react/-/liquid-glass-react-1.1.1.tgz",
      "integrity": "sha512-pKzaktaMAEztd93wpWcz2Z5Z9qdLJUNJdMX+n00Ca4XsnrLTQ5xJzm/+GQXZUeuFXe/PQ8ziVMZO6531PyaFJw==",
      "license": "MIT",
      "workspaces": [
        "liquid-glass"
      ],
      "peerDependencies": {
        "react": ">=19",
        "react-dom": ">=19"
      }
    }
  }
}
